
Microsoft Visual Studio Solution File, Format Version 12.00
# Visual Studio Version 17
VisualStudioVersion = 17.8.34322.80
MinimumVisualStudioVersion = 10.0.40219.1
Project("{9A19103F-16F7-4668-BE54-9A1E7A4F7556}") = "Movies.API", "Movies.API\Movies.API.csproj", "{5321B536-F67B-4B9E-823B-0CA7F64A7C56}"
EndProject
Project("{FAE04EC0-301F-11D3-BF4B-00C04F79EFBC}") = "IdentityServer", "IdentityServer\IdentityServer.csproj", "{C49328F7-A2CE-43AB-B941-D2D0006C24A1}"
EndProject
Global
	GlobalSection(SolutionConfigurationPlatforms) = preSolution
		Debug|Any CPU = Debug|Any CPU
		Release|Any CPU = Release|Any CPU
	EndGlobalSection
	GlobalSection(ProjectConfigurationPlatforms) = postSolution
		{5321B536-F67B-4B9E-823B-0CA7F64A7C56}.Debug|Any CPU.ActiveCfg = Debug|Any CPU
		{5321B536-F67B-4B9E-823B-0CA7F64A7C56}.Debug|Any CPU.Build.0 = Debug|Any CPU
		{5321B536-F67B-4B9E-823B-0CA7F64A7C56}.Release|Any CPU.ActiveCfg = Release|Any CPU
		{5321B536-F67B-4B9E-823B-0CA7F64A7C56}.Release|Any CPU.Build.0 = Release|Any CPU
		{C49328F7-A2CE-43AB-B941-D2D0006C24A1}.Debug|Any CPU.ActiveCfg = Debug|Any CPU
		{C49328F7-A2CE-43AB-B941-D2D0006C24A1}.Debug|Any CPU.Build.0 = Debug|Any CPU
		{C49328F7-A2CE-43AB-B941-D2D0006C24A1}.Release|Any CPU.ActiveCfg = Release|Any CPU
		{C49328F7-A2CE-43AB-B941-D2D0006C24A1}.Release|Any CPU.Build.0 = Release|Any CPU
	EndGlobalSection
	GlobalSection(SolutionProperties) = preSolution
		HideSolutionNode = FALSE
	EndGlobalSection
	GlobalSection(ExtensibilityGlobals) = postSolution
		SolutionGuid = {AFAC6985-3347-49CA-B354-275B013BA392}
	EndGlobalSection
EndGlobal
